
Microsoft Visual Studio Solution File, Format Version 12.00
# Visual Studio 15
Project("{FAE04EC0-301F-11D3-BF4B-00C04F79EFBC}") = "UnityEngine.UI", "UnityEngine.UI.csproj", "{62CEDB10-4732-706F-E889-C6E635A8540B}"
EndProject
Project("{FAE04EC0-301F-11D3-BF4B-00C04F79EFBC}") = "Assembly-CSharp", "Assembly-CSharp.csproj", "{FA328BBD-B798-4854-C54F-D8119A2987F2}"
EndProject
Project("{FAE04EC0-301F-11D3-BF4B-00C04F79EFBC}") = "UnityEditor.UI", "UnityEditor.UI.csproj", "{F865AE63-BBC5-FEBE-C96F-320856A28052}"
EndProject
Global
	GlobalSection(SolutionConfigurationPlatforms) = preSolution
		Debug|Any CPU = Debug|Any CPU
		Release|Any CPU = Release|Any CPU
	EndGlobalSection
	GlobalSection(ProjectConfigurationPlatforms) = postSolution
		{62CEDB10-4732-706F-E889-C6E635A8540B}.Debug|Any CPU.ActiveCfg = Debug|Any CPU
		{62CEDB10-4732-706F-E889-C6E635A8540B}.Debug|Any CPU.Build.0 = Debug|Any CPU
		{62CEDB10-4732-706F-E889-C6E635A8540B}.Release|Any CPU.ActiveCfg = Release|Any CPU
		{62CEDB10-4732-706F-E889-C6E635A8540B}.Release|Any CPU.Build.0 = Release|Any CPU
		{FA328BBD-B798-4854-C54F-D8119A2987F2}.Debug|Any CPU.ActiveCfg = Debug|Any CPU
		{FA328BBD-B798-4854-C54F-D8119A2987F2}.Debug|Any CPU.Build.0 = Debug|Any CPU
		{FA328BBD-B798-4854-C54F-D8119A2987F2}.Release|Any CPU.ActiveCfg = Release|Any CPU
		{FA328BBD-B798-4854-C54F-D8119A2987F2}.Release|Any CPU.Build.0 = Release|Any CPU
		{F865AE63-BBC5-FEBE-C96F-320856A28052}.Debug|Any CPU.ActiveCfg = Debug|Any CPU
		{F865AE63-BBC5-FEBE-C96F-320856A28052}.Debug|Any CPU.Build.0 = Debug|Any CPU
		{F865AE63-BBC5-FEBE-C96F-320856A28052}.Release|Any CPU.ActiveCfg = Release|Any CPU
		{F865AE63-BBC5-FEBE-C96F-320856A28052}.Release|Any CPU.Build.0 = Release|Any CPU
	EndGlobalSection
	GlobalSection(SolutionProperties) = preSolution
		HideSolutionNode = FALSE
	EndGlobalSection
EndGlobal
